
Microsoft Visual Studio Solution File, Format Version 11.00
# Visual Studio 2010
Project("{FAE04EC0-301F-11D3-BF4B-00C04F79EFBC}") = "Augmented Reality and User Defined Target Tutorial", "Assembly-CSharp.csproj", "{ECAD5194-C5E7-09EC-A3FB-B58E9D855F85}"
EndProject
Project("{FAE04EC0-301F-11D3-BF4B-00C04F79EFBC}") = "Augmented Reality and User Defined Target Tutorial", "Assembly-CSharp-Editor.csproj", "{C5A4BE5A-7FE9-B7CB-E274-56EB7A1BF2B1}"
EndProject
Project("{07A66E19-346E-EF62-48F3-89EB3CFF6A36}") = "Augmented Reality and User Defined Target Tutorial", "Assembly-UnityScript-Editor-firstpass.unityproj", "{90AE6121-4894-0553-21C5-3E8EA4D69203}"
EndProject
Global
	GlobalSection(SolutionConfigurationPlatforms) = preSolution
		Debug|Any CPU = Debug|Any CPU
		Release|Any CPU = Release|Any CPU
	EndGlobalSection
	GlobalSection(ProjectConfigurationPlatforms) = postSolution
		{ECAD5194-C5E7-09EC-A3FB-B58E9D855F85}.Debug|Any CPU.ActiveCfg = Debug|Any CPU
		{ECAD5194-C5E7-09EC-A3FB-B58E9D855F85}.Debug|Any CPU.Build.0 = Debug|Any CPU
		{ECAD5194-C5E7-09EC-A3FB-B58E9D855F85}.Release|Any CPU.ActiveCfg = Release|Any CPU
		{ECAD5194-C5E7-09EC-A3FB-B58E9D855F85}.Release|Any CPU.Build.0 = Release|Any CPU
		{C5A4BE5A-7FE9-B7CB-E274-56EB7A1BF2B1}.Debug|Any CPU.ActiveCfg = Debug|Any CPU
		{C5A4BE5A-7FE9-B7CB-E274-56EB7A1BF2B1}.Debug|Any CPU.Build.0 = Debug|Any CPU
		{C5A4BE5A-7FE9-B7CB-E274-56EB7A1BF2B1}.Release|Any CPU.ActiveCfg = Release|Any CPU
		{C5A4BE5A-7FE9-B7CB-E274-56EB7A1BF2B1}.Release|Any CPU.Build.0 = Release|Any CPU
		{90AE6121-4894-0553-21C5-3E8EA4D69203}.Debug|Any CPU.ActiveCfg = Debug|Any CPU
		{90AE6121-4894-0553-21C5-3E8EA4D69203}.Debug|Any CPU.Build.0 = Debug|Any CPU
		{90AE6121-4894-0553-21C5-3E8EA4D69203}.Release|Any CPU.ActiveCfg = Release|Any CPU
		{90AE6121-4894-0553-21C5-3E8EA4D69203}.Release|Any CPU.Build.0 = Release|Any CPU
	EndGlobalSection
	GlobalSection(SolutionProperties) = preSolution
		HideSolutionNode = FALSE
	EndGlobalSection
	GlobalSection(MonoDevelopProperties) = preSolution
		StartupItem = Assembly-CSharp.csproj
	EndGlobalSection
EndGlobal
